// !$*UTF8*$!
{
	archiveVersion = 1;
	classes = {
	};
	objectVersion = 46;
	objects = {

/* Begin PBXBuildFile section */
		8CFEFEE119DFDF2600646948 /* main.m in Sources */ = {isa = PBXBuildFile; fileRef = 8CFEFEE019DFDF2600646948 /* main.m */; };
		8CFEFEE419DFDF2600646948 /* AppDelegate.m in Sources */ = {isa = PBXBuildFile; fileRef = 8CFEFEE319DFDF2600646948 /* AppDelegate.m */; };
		8CFEFEE719DFDF2600646948 /* ViewController.m in Sources */ = {isa = PBXBuildFile; fileRef = 8CFEFEE619DFDF2600646948 /* ViewController.m */; };
		8CFEFEEA19DFDF2600646948 /* Main.storyboard in Resources */ = {isa = PBXBuildFile; fileRef = 8CFEFEE819DFDF2600646948 /* Main.storyboard */; };
		8CFEFEEC19DFDF2600646948 /* Images.xcassets in Resources */ = {isa = PBXBuildFile; fileRef = 8CFEFEEB19DFDF2600646948 /* Images.xcassets */; };
		8CFEFEF819DFDF2600646948 /* MorsieTests.m in Sources */ = {isa = PBXBuildFile; fileRef = 8CFEFEF719DFDF2600646948 /* MorsieTests.m */; };
/* End PBXBuildFile section */

/* Begin PBXContainerItemProxy section */
		8CFEFEF219DFDF2600646948 /* PBXContainerItemProxy */ = {
			isa = PBXContainerItemProxy;
			containerPortal = 8CFEFED319DFDF2600646948 /* Project object */;
			proxyType = 1;
			remoteGlobalIDString = 8CFEFEDA19DFDF2600646948;
			remoteInfo = Morsie;
		};
/* End PBXContainerItemProxy section */

/* Begin PBXFileReference section */
		8CFEFEDB19DFDF2600646948 /* Morsie.app */ = {isa = PBXFileReference; explicitFileType = wrapper.application; includeInIndex = 0; path = Morsie.app; sourceTree = BUILT_PRODUCTS_DIR; };
		8CFEFEDF19DFDF2600646948 /* Info.plist */ = {isa = PBXFileReference; lastKnownFileType = text.plist.xml; path = Info.plist; sourceTree = "<group>"; };
		8CFEFEE019DFDF2600646948 /* main.m */ = {isa = PBXFileReference; lastKnownFileType = sourcecode.c.objc; path = main.m; sourceTree = "<group>"; };
		8CFEFEE219DFDF2600646948 /* AppDelegate.h */ = {isa = PBXFileReference; lastKnownFileType = sourcecode.c.h; path = AppDelegate.h; sourceTree = "<group>"; };
		8CFEFEE319DFDF2600646948 /* AppDelegate.m */ = {isa = PBXFileReference; lastKnownFileType = sourcecode.c.objc; path = AppDelegate.m; sourceTree = "<group>"; };
		8CFEFEE519DFDF2600646948 /* ViewController.h */ = {isa = PBXFileReference; lastKnownFileType = sourcecode.c.h; path = ViewController.h; sourceTree = "<group>"; };
		8CFEFEE619DFDF2600646948 /* ViewController.m */ = {isa = PBXFileReference; lastKnownFileType = sourcecode.c.objc; path = ViewController.m; sourceTree = "<group>"; };
		8CFEFEE919DFDF2600646948 /* Base */ = {isa = PBXFileReference; lastKnownFileType = file.storyboard; name = Base; path = Base.lproj/Main.storyboard; sourceTree = "<group>"; };
		8CFEFEEB19DFDF2600646948 /* Images.xcassets */ = {isa = PBXFileReference; lastKnownFileType = folder.assetcatalog; path = Images.xcassets; sourceTree = "<group>"; };
		8CFEFEF119DFDF2600646948 /* MorsieTests.xctest */ = {isa = PBXFileReference; explicitFileType = wrapper.cfbundle; includeInIndex = 0; path = MorsieTests.xctest; sourceTree = BUILT_PRODUCTS_DIR; };
		8CFEFEF619DFDF2600646948 /* Info.plist */ = {isa = PBXFileReference; lastKnownFileType = text.plist.xml; path = Info.plist; sourceTree = "<group>"; };
		8CFEFEF719DFDF2600646948 /* MorsieTests.m */ = {isa = PBXFileReference; lastKnownFileType = sourcecode.c.objc; path = MorsieTests.m; sourceTree = "<group>"; };
/* End PBXFileReference section */

/* Begin PBXFrameworksBuildPhase section */
		8CFEFED819DFDF2600646948 /* Frameworks */ = {
			isa = PBXFrameworksBuildPhase;
			buildActionMask = 2147483647;
			files = (
			);
			runOnlyForDeploymentPostprocessing = 0;
		};
		8CFEFEEE19DFDF2600646948 /* Frameworks */ = {
			isa = PBXFrameworksBuildPhase;
			buildActionMask = 2147483647;
			files = (
			);
			runOnlyForDeploymentPostprocessing = 0;
		};
/* End PBXFrameworksBuildPhase section */

/* Begin PBXGroup section */
		8CFEFED219DFDF2600646948 = {
			isa = PBXGroup;
			children = (
				8CFEFEDD19DFDF2600646948 /* Morsie */,
				8CFEFEF419DFDF2600646948 /* MorsieTests */,
				8CFEFEDC19DFDF2600646948 /* Products */,
			);
			sourceTree = "<group>";
		};
		8CFEFEDC19DFDF2600646948 /* Products */ = {
			isa = PBXGroup;
			children = (
				8CFEFEDB19DFDF2600646948 /* Morsie.app */,
				8CFEFEF119DFDF2600646948 /* MorsieTests.xctest */,
			);
			name = Products;
			sourceTree = "<group>";
		};
		8CFEFEDD19DFDF2600646948 /* Morsie */ = {
			isa = PBXGroup;
			children = (
				8CFEFEE219DFDF2600646948 /* AppDelegate.h */,
				8CFEFEE319DFDF2600646948 /* AppDelegate.m */,
				8CFEFEE519DFDF2600646948 /* ViewController.h */,
				8CFEFEE619DFDF2600646948 /* ViewController.m */,
				8CFEFEE819DFDF2600646948 /* Main.storyboard */,
				8CFEFEEB19DFDF2600646948 /* Images.xcassets */,
				8CFEFEDE19DFDF2600646948 /* Supporting Files */,
			);
			path = Morsie;
			sourceTree = "<group>";
		};
		8CFEFEDE19DFDF2600646948 /* Supporting Files */ = {
			isa = PBXGroup;
			children = (
				8CFEFEDF19DFDF2600646948 /* Info.plist */,
				8CFEFEE019DFDF2600646948 /* main.m */,
			);
			name = "Supporting Files";
			sourceTree = "<group>";
		};
		8CFEFEF419DFDF2600646948 /* MorsieTests */ = {
			isa = PBXGroup;
			children = (
				8CFEFEF719DFDF2600646948 /* MorsieTests.m */,
				8CFEFEF519DFDF2600646948 /* Supporting Files */,
			);
			path = MorsieTests;
			sourceTree = "<group>";
		};
		8CFEFEF519DFDF2600646948 /* Supporting Files */ = {
			isa = PBXGroup;
			children = (
				8CFEFEF619DFDF2600646948 /* Info.plist */,
			);
			name = "Supporting Files";
			sourceTree = "<group>";
		};
/* End PBXGroup section */

/* Begin PBXNativeTarget section */
		8CFEFEDA19DFDF2600646948 /* Morsie */ = {
			isa = PBXNativeTarget;
			buildConfigurationList = 8CFEFEFB19DFDF2600646948 /* Build configuration list for PBXNativeTarget "Morsie" */;
			buildPhases = (
				8CFEFED719DFDF2600646948 /* Sources */,
				8CFEFED819DFDF2600646948 /* Frameworks */,
				8CFEFED919DFDF2600646948 /* Resources */,
			);
			buildRules = (
			);
			dependencies = (
			);
			name = Morsie;
			productName = Morsie;
			productReference = 8CFEFEDB19DFDF2600646948 /* Morsie.app */;
			productType = "com.apple.product-type.application";
		};
		8CFEFEF019DFDF2600646948 /* MorsieTests */ = {
			isa = PBXNativeTarget;
			buildConfigurationList = 8CFEFEFE19DFDF2600646948 /* Build configuration list for PBXNativeTarget "MorsieTests" */;
			buildPhases = (
				8CFEFEED19DFDF2600646948 /* Sources */,
				8CFEFEEE19DFDF2600646948 /* Frameworks */,
				8CFEFEEF19DFDF2600646948 /* Resources */,
			);
			buildRules = (
			);
			dependencies = (
				8CFEFEF319DFDF2600646948 /* PBXTargetDependency */,
			);
			name = MorsieTests;
			productName = MorsieTests;
			productReference = 8CFEFEF119DFDF2600646948 /* MorsieTests.xctest */;
			productType = "com.apple.product-type.bundle.unit-test";
		};
/* End PBXNativeTarget section */

/* Begin PBXProject section */
		8CFEFED319DFDF2600646948 /* Project object */ = {
			isa = PBXProject;
			attributes = {
				LastUpgradeCheck = 0600;
				ORGANIZATIONNAME = "Jackie Baek";
				TargetAttributes = {
					8CFEFEDA19DFDF2600646948 = {
						CreatedOnToolsVersion = 6.0;
					};
					8CFEFEF019DFDF2600646948 = {
						CreatedOnToolsVersion = 6.0;
						TestTargetID = 8CFEFEDA19DFDF2600646948;
					};
				};
			};
			buildConfigurationList = 8CFEFED619DFDF2600646948 /* Build configuration list for PBXProject "Morsie" */;
			compatibilityVersion = "Xcode 3.2";
			developmentRegion = English;
			hasScannedForEncodings = 0;
			knownRegions = (
				en,
				Base,
			);
			mainGroup = 8CFEFED219DFDF2600646948;
			productRefGroup = 8CFEFEDC19DFDF2600646948 /* Products */;
			projectDirPath = "";
			projectRoot = "";
			targets = (
				8CFEFEDA19DFDF2600646948 /* Morsie */,
				8CFEFEF019DFDF2600646948 /* MorsieTests */,
			);
		};
/* End PBXProject section */

/* Begin PBXResourcesBuildPhase section */
		8CFEFED919DFDF2600646948 /* Resources */ = {
			isa = PBXResourcesBuildPhase;
			buildActionMask = 2147483647;
			files = (
				8CFEFEEA19DFDF2600646948 /* Main.storyboard in Resources */,
				8CFEFEEC19DFDF2600646948 /* Images.xcassets in Resources */,
			);
			runOnlyForDeploymentPostprocessing = 0;
		};
		8CFEFEEF19DFDF2600646948 /* Resources */ = {
			isa = PBXResourcesBuildPhase;
			buildActionMask = 2147483647;
			files = (
			);
			runOnlyForDeploymentPostprocessing = 0;
		};
/* End PBXResourcesBuildPhase section */

/* Begin PBXSourcesBuildPhase section */
		8CFEFED719DFDF2600646948 /* Sources */ = {
			isa = PBXSourcesBuildPhase;
			buildActionMask = 2147483647;
			files = (
				8CFEFEE719DFDF2600646948 /* ViewController.m in Sources */,
				8CFEFEE419DFDF2600646948 /* AppDelegate.m in Sources */,
				8CFEFEE119DFDF2600646948 /* main.m in Sources */,
			);
			runOnlyForDeploymentPostprocessing = 0;
		};
		8CFEFEED19DFDF2600646948 /* Sources */ = {
			isa = PBXSourcesBuildPhase;
			buildActionMask = 2147483647;
			files = (
				8CFEFEF819DFDF2600646948 /* MorsieTests.m in Sources */,
			);
			runOnlyForDeploymentPostprocessing = 0;
		};
/* End PBXSourcesBuildPhase section */

/* Begin PBXTargetDependency section */
		8CFEFEF319DFDF2600646948 /* PBXTargetDependency */ = {
			isa = PBXTargetDependency;
			target = 8CFEFEDA19DFDF2600646948 /* Morsie */;
			targetProxy = 8CFEFEF219DFDF2600646948 /* PBXContainerItemProxy */;
		};
/* End PBXTargetDependency section */

/* Begin PBXVariantGroup section */
		8CFEFEE819DFDF2600646948 /* Main.storyboard */ = {
			isa = PBXVariantGroup;
			children = (
				8CFEFEE919DFDF2600646948 /* Base */,
			);
			name = Main.storyboard;
			sourceTree = "<group>";
		};
/* End PBXVariantGroup section */

/* Begin XCBuildConfiguration section */
		8CFEFEF919DFDF2600646948 /* Debug */ = {
			isa = XCBuildConfiguration;
			buildSettings = {
				ALWAYS_SEARCH_USER_PATHS = NO;
				CLANG_CXX_LANGUAGE_STANDARD = "gnu++0x";
				CLANG_CXX_LIBRARY = "libc++";
				CLANG_ENABLE_MODULES = YES;
				CLANG_ENABLE_OBJC_ARC = YES;
				CLANG_WARN_BOOL_CONVERSION = YES;
				CLANG_WARN_CONSTANT_CONVERSION = YES;
				CLANG_WARN_DIRECT_OBJC_ISA_USAGE = YES_ERROR;
				CLANG_WARN_EMPTY_BODY = YES;
				CLANG_WARN_ENUM_CONVERSION = YES;
				CLANG_WARN_INT_CONVERSION = YES;
				CLANG_WARN_OBJC_ROOT_CLASS = YES_ERROR;
				CLANG_WARN_UNREACHABLE_CODE = YES;
				CLANG_WARN__DUPLICATE_METHOD_MATCH = YES;
				"CODE_SIGN_IDENTITY[sdk=iphoneos*]" = "iPhone Developer";
				COPY_PHASE_STRIP = NO;
				ENABLE_STRICT_OBJC_MSGSEND = YES;
				GCC_C_LANGUAGE_STANDARD = gnu99;
				GCC_DYNAMIC_NO_PIC = NO;
				GCC_OPTIMIZATION_LEVEL = 0;
				GCC_PREPROCESSOR_DEFINITIONS = (
					"DEBUG=1",
					"$(inherited)",
				);
				GCC_SYMBOLS_PRIVATE_EXTERN = NO;
				GCC_WARN_64_TO_32_BIT_CONVERSION = YES;
				GCC_WARN_ABOUT_RETURN_TYPE = YES_ERROR;
				GCC_WARN_UNDECLARED_SELECTOR = YES;
				GCC_WARN_UNINITIALIZED_AUTOS = YES_AGGRESSIVE;
				GCC_WARN_UNUSED_FUNCTION = YES;
				GCC_WARN_UNUSED_VARIABLE = YES;
				IPHONEOS_DEPLOYMENT_TARGET = 8.0;
				MTL_ENABLE_DEBUG_INFO = YES;
				ONLY_ACTIVE_ARCH = YES;
				SDKROOT = iphoneos;
			};
			name = Debug;
		};
		8CFEFEFA19DFDF2600646948 /* Release */ = {
			isa = XCBuildConfiguration;
			buildSettings = {
				ALWAYS_SEARCH_USER_PATHS = NO;
				CLANG_CXX_LANGUAGE_STANDARD = "gnu++0x";
				CLANG_CXX_LIBRARY = "libc++";
				CLANG_ENABLE_MODULES = YES;
				CLANG_ENABLE_OBJC_ARC = YES;
				CLANG_WARN_BOOL_CONVERSION = YES;
				CLANG_WARN_CONSTANT_CONVERSION = YES;
				CLANG_WARN_DIRECT_OBJC_ISA_USAGE = YES_ERROR;
				CLANG_WARN_EMPTY_BODY = YES;
				CLANG_WARN_ENUM_CONVERSION = YES;
				CLANG_WARN_INT_CONVERSION = YES;
				CLANG_WARN_OBJC_ROOT_CLASS = YES_ERROR;
				CLANG_WARN_UNREACHABLE_CODE = YES;
				CLANG_WARN__DUPLICATE_METHOD_MATCH = YES;
				"CODE_SIGN_IDENTITY[sdk=iphoneos*]" = "iPhone Developer";
				COPY_PHASE_STRIP = YES;
				ENABLE_NS_ASSERTIONS = NO;
				ENABLE_STRICT_OBJC_MSGSEND = YES;
				GCC_C_LANGUAGE_STANDARD = gnu99;
				GCC_WARN_64_TO_32_BIT_CONVERSION = YES;
				GCC_WARN_ABOUT_RETURN_TYPE = YES_ERROR;
				GCC_WARN_UNDECLARED_SELECTOR = YES;
				GCC_WARN_UNINITIALIZED_AUTOS = YES_AGGRESSIVE;
				GCC_WARN_UNUSED_FUNCTION = YES;
				GCC_WARN_UNUSED_VARIABLE = YES;
				IPHONEOS_DEPLOYMENT_TARGET = 8.0;
				MTL_ENABLE_DEBUG_INFO = NO;
				SDKROOT = iphoneos;
				VALIDATE_PRODUCT = YES;
			};
			name = Release;
		};
		8CFEFEFC19DFDF2600646948 /* Debug */ = {
			isa = XCBuildConfiguration;
			buildSettings = {
				ASSETCATALOG_COMPILER_APPICON_NAME = AppIcon;
				ASSETCATALOG_COMPILER_LAUNCHIMAGE_NAME = LaunchImage;
				INFOPLIST_FILE = Morsie/Info.plist;
				LD_RUNPATH_SEARCH_PATHS = "$(inherited) @executable_path/Frameworks";
				PRODUCT_NAME = "$(TARGET_NAME)";
			};
			name = Debug;
		};
		8CFEFEFD19DFDF2600646948 /* Release */ = {
			isa = XCBuildConfiguration;
			buildSettings = {
				ASSETCATALOG_COMPILER_APPICON_NAME = AppIcon;
				ASSETCATALOG_COMPILER_LAUNCHIMAGE_NAME = LaunchImage;
				INFOPLIST_FILE = Morsie/Info.plist;
				LD_RUNPATH_SEARCH_PATHS = "$(inherited) @executable_path/Frameworks";
				PRODUCT_NAME = "$(TARGET_NAME)";
			};
			name = Release;
		};
		8CFEFEFF19DFDF2600646948 /* Debug */ = {
			isa = XCBuildConfiguration;
			buildSettings = {
				BUNDLE_LOADER = "$(TEST_HOST)";
				FRAMEWORK_SEARCH_PATHS = (
					"$(SDKROOT)/Developer/Library/Frameworks",
					"$(inherited)",
				);
				GCC_PREPROCESSOR_DEFINITIONS = (
					"DEBUG=1",
					"$(inherited)",
				);
				INFOPLIST_FILE = MorsieTests/Info.plist;
				LD_RUNPATH_SEARCH_PATHS = "$(inherited) @executable_path/Frameworks @loader_path/Frameworks";
				PRODUCT_NAME = "$(TARGET_NAME)";
				TEST_HOST = "$(BUILT_PRODUCTS_DIR)/Morsie.app/Morsie";
			};
			name = Debug;
		};
		8CFEFF0019DFDF2600646948 /* Release */ = {
			isa = XCBuildConfiguration;
			buildSettings = {
				BUNDLE_LOADER = "$(TEST_HOST)";
				FRAMEWORK_SEARCH_PATHS = (
					"$(SDKROOT)/Developer/Library/Frameworks",
					"$(inherited)",
				);
				INFOPLIST_FILE = MorsieTests/Info.plist;
				LD_RUNPATH_SEARCH_PATHS = "$(inherited) @executable_path/Frameworks @loader_path/Frameworks";
				PRODUCT_NAME = "$(TARGET_NAME)";
				TEST_HOST = "$(BUILT_PRODUCTS_DIR)/Morsie.app/Morsie";
			};
			name = Release;
		};
/* End XCBuildConfiguration section */

/* Begin XCConfigurationList section */
		8CFEFED619DFDF2600646948 /* Build configuration list for PBXProject "Morsie" */ = {
			isa = XCConfigurationList;
			buildConfigurations = (
				8CFEFEF919DFDF2600646948 /* Debug */,
				8CFEFEFA19DFDF2600646948 /* Release */,
			);
			defaultConfigurationIsVisible = 0;
			defaultConfigurationName = Release;
		};
		8CFEFEFB19DFDF2600646948 /* Build configuration list for PBXNativeTarget "Morsie" */ = {
			isa = XCConfigurationList;
			buildConfigurations = (
				8CFEFEFC19DFDF2600646948 /* Debug */,
				8CFEFEFD19DFDF2600646948 /* Release */,
			);
			defaultConfigurationIsVisible = 0;
		};
		8CFEFEFE19DFDF2600646948 /* Build configuration list for PBXNativeTarget "MorsieTests" */ = {
			isa = XCConfigurationList;
			buildConfigurations = (
				8CFEFEFF19DFDF2600646948 /* Debug */,
				8CFEFF0019DFDF2600646948 /* Release */,
			);
			defaultConfigurationIsVisible = 0;
		};
/* End XCConfigurationList section */
	};
	rootObject = 8CFEFED319DFDF2600646948 /* Project object */;
}
